
Microsoft Visual Studio Solution File, Format Version 12.00
# Visual Studio 15
VisualStudioVersion = 15.0.26730.16
MinimumVisualStudioVersion = 10.0.40219.1
Project("{FAE04EC0-301F-11D3-BF4B-00C04F79EFBC}") = "SnakeGame", "SnakeGame\SnakeGame.csproj", "{90DD544C-0A13-407F-86C8-B21909FDBEE1}"
EndProject
Global
	GlobalSection(SolutionConfigurationPlatforms) = preSolution
		Debug|Any CPU = Debug|Any CPU
		Release|Any CPU = Release|Any CPU
	EndGlobalSection
	GlobalSection(ProjectConfigurationPlatforms) = postSolution
		{90DD544C-0A13-407F-86C8-B21909FDBEE1}.Debug|Any CPU.ActiveCfg = Debug|Any CPU
		{90DD544C-0A13-407F-86C8-B21909FDBEE1}.Debug|Any CPU.Build.0 = Debug|Any CPU
		{90DD544C-0A13-407F-86C8-B21909FDBEE1}.Release|Any CPU.ActiveCfg = Release|Any CPU
		{90DD544C-0A13-407F-86C8-B21909FDBEE1}.Release|Any CPU.Build.0 = Release|Any CPU
	EndGlobalSection
	GlobalSection(SolutionProperties) = preSolution
		HideSolutionNode = FALSE
	EndGlobalSection
	GlobalSection(ExtensibilityGlobals) = postSolution
		SolutionGuid = {138F7BC6-B8BB-4306-B6BF-A4DF8D5A1D4E}
	EndGlobalSection
EndGlobal
